{
  "nodes": {
    "bun": {
      "inputs": {
        "nixpkgs": [
          "nixpkgs"
        ]
      },
      "locked": {
        "lastModified": 1765152818,
        "narHash": "sha256-iL9X5hYs+vp93kp6Bq3H1J7F3yjv8eNFdYd9Icy3NX4=",
        "owner": "Daste745",
        "repo": "nix-bun",
        "rev": "92b96419b2d6b063b26ed19674bf9d3b7f3ebfa5",
        "type": "github"
      },
      "original": {
        "owner": "Daste745",
        "repo": "nix-bun",
        "type": "github"
      }
    },
    "nixpkgs": {
      "locked": {
        "lastModified": 1758690382,
        "narHash": "sha256-NY3kSorgqE5LMm1LqNwGne3ZLMF2/ILgLpFr1fS4X3o=",
        "owner": "nixos",
        "repo": "nixpkgs",
        "rev": "e643668fd71b949c53f8626614b21ff71a07379d",
        "type": "github"
      },
      "original": {
        "owner": "nixos",
        "ref": "nixos-unstable",
        "repo": "nixpkgs",
        "type": "github"
      }
    },
    "postgres-dev-db": {
      "inputs": {
        "nixpkgs": [
          "nixpkgs"
        ],
        "utils": "utils"
      },
      "locked": {
        "lastModified": 1675862903,
        "narHash": "sha256-jOhfKQNS8i+CMThkK1WeMnlrXAjEwqxy727R4+WXxnU=",
        "owner": "hermann-p",
        "repo": "nix-postgres-dev-db",
        "rev": "3d81eebf90584c1d9cc659b3c8c0f67bf2832335",
        "type": "github"
      },
      "original": {
        "owner": "hermann-p",
        "repo": "nix-postgres-dev-db",
        "type": "github"
      }
    },
    "redis-dev-db": {
      "inputs": {
        "nixpkgs": [
          "nixpkgs"
        ],
        "systems": "systems"
      },
      "locked": {
        "lastModified": 1757257613,
        "narHash": "sha256-3bdDYQsK4Ew8DoFL345I70+bkzwirrpz7ZyhhfWt1D4=",
        "owner": "Daste745",
        "repo": "nix-redis-dev-db",
        "rev": "6d99c79504ddd56d299973a48615f2351b12d2d9",
        "type": "github"
      },
      "original": {
        "owner": "Daste745",
        "repo": "nix-redis-dev-db",
        "type": "github"
      }
    },
    "root": {
      "inputs": {
        "bun": "bun",
        "nixpkgs": "nixpkgs",
        "postgres-dev-db": "postgres-dev-db",
        "redis-dev-db": "redis-dev-db"
      }
    },
    "systems": {
      "locked": {
        "lastModified": 1681028828,
        "narHash": "sha256-Vy1rq5AaRuLzOxct8nz4T6wlgyUR7zLU309k9mBC768=",
        "owner": "nix-systems",
        "repo": "default",
        "rev": "da67096a3b9bf56a91d16901293e51ba5b49a27e",
        "type": "github"
      },
      "original": {
        "owner": "nix-systems",
        "repo": "default",
        "type": "github"
      }
    },
    "utils": {
      "locked": {
        "lastModified": 1667395993,
        "narHash": "sha256-nuEHfE/LcWyuSWnS8t12N1wc105Qtau+/OdUAjtQ0rA=",
        "owner": "numtide",
        "repo": "flake-utils",
        "rev": "5aed5285a952e0b949eb3ba02c12fa4fcfef535f",
        "type": "github"
      },
      "original": {
        "owner": "numtide",
        "repo": "flake-utils",
        "type": "github"
      }
    }
  },
  "root": "root",
  "version": 7
}
